
Microsoft Visual Studio Solution File, Format Version 12.00
# Visual Studio 15
VisualStudioVersion = 15.0.27703.2035
MinimumVisualStudioVersion = 10.0.40219.1
Project("{FAE04EC0-301F-11D3-BF4B-00C04F79EFBC}") = "XF.LocalDB.Android", "XF.LocalDB\XF.LocalDB.Android\XF.LocalDB.Android.csproj", "{D55701BF-96A2-48A1-8589-6856AA63900B}"
EndProject
Project("{FAE04EC0-301F-11D3-BF4B-00C04F79EFBC}") = "XF.LocalDB.iOS", "XF.LocalDB\XF.LocalDB.iOS\XF.LocalDB.iOS.csproj", "{9ECC94D5-4E2D-4BAD-8EC9-FF16A350E848}"
EndProject
Project("{FAE04EC0-301F-11D3-BF4B-00C04F79EFBC}") = "XF.LocalDB", "XF.LocalDB\XF.LocalDB\XF.LocalDB.csproj", "{EDAB1CAF-CFA3-427B-8C67-101C4DA3D148}"
EndProject
Global
	GlobalSection(SolutionConfigurationPlatforms) = preSolution
		Ad-Hoc|Any CPU = Ad-Hoc|Any CPU
		Ad-Hoc|iPhone = Ad-Hoc|iPhone
		Ad-Hoc|iPhoneSimulator = Ad-Hoc|iPhoneSimulator
		AppStore|Any CPU = AppStore|Any CPU
		AppStore|iPhone = AppStore|iPhone
		AppStore|iPhoneSimulator = AppStore|iPhoneSimulator
		Debug|Any CPU = Debug|Any CPU
		Debug|iPhone = Debug|iPhone
		Debug|iPhoneSimulator = Debug|iPhoneSimulator
		Release|Any CPU = Release|Any CPU
		Release|iPhone = Release|iPhone
		Release|iPhoneSimulator = Release|iPhoneSimulator
	EndGlobalSection
	GlobalSection(ProjectConfigurationPlatforms) = postSolution
		{D55701BF-96A2-48A1-8589-6856AA63900B}.Ad-Hoc|Any CPU.ActiveCfg = Release|Any CPU
		{D55701BF-96A2-48A1-8589-6856AA63900B}.Ad-Hoc|Any CPU.Build.0 = Release|Any CPU
		{D55701BF-96A2-48A1-8589-6856AA63900B}.Ad-Hoc|Any CPU.Deploy.0 = Release|Any CPU
		{D55701BF-96A2-48A1-8589-6856AA63900B}.Ad-Hoc|iPhone.ActiveCfg = Release|Any CPU
		{D55701BF-96A2-48A1-8589-6856AA63900B}.Ad-Hoc|iPhone.Build.0 = Release|Any CPU
		{D55701BF-96A2-48A1-8589-6856AA63900B}.Ad-Hoc|iPhone.Deploy.0 = Release|Any CPU
		{D55701BF-96A2-48A1-8589-6856AA63900B}.Ad-Hoc|iPhoneSimulator.ActiveCfg = Release|Any CPU
		{D55701BF-96A2-48A1-8589-6856AA63900B}.Ad-Hoc|iPhoneSimulator.Build.0 = Release|Any CPU
		{D55701BF-96A2-48A1-8589-6856AA63900B}.Ad-Hoc|iPhoneSimulator.Deploy.0 = Release|Any CPU
		{D55701BF-96A2-48A1-8589-6856AA63900B}.AppStore|Any CPU.ActiveCfg = Release|Any CPU
		{D55701BF-96A2-48A1-8589-6856AA63900B}.AppStore|Any CPU.Build.0 = Release|Any CPU
		{D55701BF-96A2-48A1-8589-6856AA63900B}.AppStore|Any CPU.Deploy.0 = Release|Any CPU
		{D55701BF-96A2-48A1-8589-6856AA63900B}.AppStore|iPhone.ActiveCfg = Release|Any CPU
		{D55701BF-96A2-48A1-8589-6856AA63900B}.AppStore|iPhone.Build.0 = Release|Any CPU
		{D55701BF-96A2-48A1-8589-6856AA63900B}.AppStore|iPhone.Deploy.0 = Release|Any CPU
		{D55701BF-96A2-48A1-8589-6856AA63900B}.AppStore|iPhoneSimulator.ActiveCfg = Release|Any CPU
		{D55701BF-96A2-48A1-8589-6856AA63900B}.AppStore|iPhoneSimulator.Build.0 = Release|Any CPU
		{D55701BF-96A2-48A1-8589-6856AA63900B}.AppStore|iPhoneSimulator.Deploy.0 = Release|Any CPU
		{D55701BF-96A2-48A1-8589-6856AA63900B}.Debug|Any CPU.ActiveCfg = Debug|Any CPU
		{D55701BF-96A2-48A1-8589-6856AA63900B}.Debug|Any CPU.Build.0 = Debug|Any CPU
		{D55701BF-96A2-48A1-8589-6856AA63900B}.Debug|Any CPU.Deploy.0 = Debug|Any CPU
		{D55701BF-96A2-48A1-8589-6856AA63900B}.Debug|iPhone.ActiveCfg = Debug|Any CPU
		{D55701BF-96A2-48A1-8589-6856AA63900B}.Debug|iPhone.Build.0 = Debug|Any CPU
		{D55701BF-96A2-48A1-8589-6856AA63900B}.Debug|iPhone.Deploy.0 = Debug|Any CPU
		{D55701BF-96A2-48A1-8589-6856AA63900B}.Debug|iPhoneSimulator.ActiveCfg = Debug|Any CPU
		{D55701BF-96A2-48A1-8589-6856AA63900B}.Debug|iPhoneSimulator.Build.0 = Debug|Any CPU
		{D55701BF-96A2-48A1-8589-6856AA63900B}.Debug|iPhoneSimulator.Deploy.0 = Debug|Any CPU
		{D55701BF-96A2-48A1-8589-6856AA63900B}.Release|Any CPU.ActiveCfg = Release|Any CPU
		{D55701BF-96A2-48A1-8589-6856AA63900B}.Release|Any CPU.Build.0 = Release|Any CPU
		{D55701BF-96A2-48A1-8589-6856AA63900B}.Release|Any CPU.Deploy.0 = Release|Any CPU
		{D55701BF-96A2-48A1-8589-6856AA63900B}.Release|iPhone.ActiveCfg = Release|Any CPU
		{D55701BF-96A2-48A1-8589-6856AA63900B}.Release|iPhone.Build.0 = Release|Any CPU
		{D55701BF-96A2-48A1-8589-6856AA63900B}.Release|iPhone.Deploy.0 = Release|Any CPU
		{D55701BF-96A2-48A1-8589-6856AA63900B}.Release|iPhoneSimulator.ActiveCfg = Release|Any CPU
		{D55701BF-96A2-48A1-8589-6856AA63900B}.Release|iPhoneSimulator.Build.0 = Release|Any CPU
		{D55701BF-96A2-48A1-8589-6856AA63900B}.Release|iPhoneSimulator.Deploy.0 = Release|Any CPU
		{9ECC94D5-4E2D-4BAD-8EC9-FF16A350E848}.Ad-Hoc|Any CPU.ActiveCfg = Ad-Hoc|iPhone
		{9ECC94D5-4E2D-4BAD-8EC9-FF16A350E848}.Ad-Hoc|Any CPU.Build.0 = Ad-Hoc|iPhone
		{9ECC94D5-4E2D-4BAD-8EC9-FF16A350E848}.Ad-Hoc|Any CPU.Deploy.0 = Ad-Hoc|iPhone
		{9ECC94D5-4E2D-4BAD-8EC9-FF16A350E848}.Ad-Hoc|iPhone.ActiveCfg = Ad-Hoc|iPhone
		{9ECC94D5-4E2D-4BAD-8EC9-FF16A350E848}.Ad-Hoc|iPhone.Build.0 = Ad-Hoc|iPhone
		{9ECC94D5-4E2D-4BAD-8EC9-FF16A350E848}.Ad-Hoc|iPhone.Deploy.0 = Ad-Hoc|iPhone
		{9ECC94D5-4E2D-4BAD-8EC9-FF16A350E848}.Ad-Hoc|iPhoneSimulator.ActiveCfg = Ad-Hoc|iPhoneSimulator
		{9ECC94D5-4E2D-4BAD-8EC9-FF16A350E848}.Ad-Hoc|iPhoneSimulator.Build.0 = Ad-Hoc|iPhoneSimulator
		{9ECC94D5-4E2D-4BAD-8EC9-FF16A350E848}.Ad-Hoc|iPhoneSimulator.Deploy.0 = Ad-Hoc|iPhoneSimulator
		{9ECC94D5-4E2D-4BAD-8EC9-FF16A350E848}.AppStore|Any CPU.ActiveCfg = AppStore|iPhone
		{9ECC94D5-4E2D-4BAD-8EC9-FF16A350E848}.AppStore|Any CPU.Build.0 = AppStore|iPhone
		{9ECC94D5-4E2D-4BAD-8EC9-FF16A350E848}.AppStore|Any CPU.Deploy.0 = AppStore|iPhone
		{9ECC94D5-4E2D-4BAD-8EC9-FF16A350E848}.AppStore|iPhone.ActiveCfg = AppStore|iPhone
		{9ECC94D5-4E2D-4BAD-8EC9-FF16A350E848}.AppStore|iPhone.Build.0 = AppStore|iPhone
		{9ECC94D5-4E2D-4BAD-8EC9-FF16A350E848}.AppStore|iPhone.Deploy.0 = AppStore|iPhone
		{9ECC94D5-4E2D-4BAD-8EC9-FF16A350E848}.AppStore|iPhoneSimulator.ActiveCfg = AppStore|iPhoneSimulator
		{9ECC94D5-4E2D-4BAD-8EC9-FF16A350E848}.AppStore|iPhoneSimulator.Build.0 = AppStore|iPhoneSimulator
		{9ECC94D5-4E2D-4BAD-8EC9-FF16A350E848}.AppStore|iPhoneSimulator.Deploy.0 = AppStore|iPhoneSimulator
		{9ECC94D5-4E2D-4BAD-8EC9-FF16A350E848}.Debug|Any CPU.ActiveCfg = Debug|iPhoneSimulator
		{9ECC94D5-4E2D-4BAD-8EC9-FF16A350E848}.Debug|Any CPU.Build.0 = Debug|iPhoneSimulator
		{9ECC94D5-4E2D-4BAD-8EC9-FF16A350E848}.Debug|Any CPU.Deploy.0 = Debug|iPhoneSimulator
		{9ECC94D5-4E2D-4BAD-8EC9-FF16A350E848}.Debug|iPhone.ActiveCfg = Debug|iPhone
		{9ECC94D5-4E2D-4BAD-8EC9-FF16A350E848}.Debug|iPhone.Build.0 = Debug|iPhone
		{9ECC94D5-4E2D-4BAD-8EC9-FF16A350E848}.Debug|iPhone.Deploy.0 = Debug|iPhone
		{9ECC94D5-4E2D-4BAD-8EC9-FF16A350E848}.Debug|iPhoneSimulator.ActiveCfg = Debug|iPhoneSimulator
		{9ECC94D5-4E2D-4BAD-8EC9-FF16A350E848}.Debug|iPhoneSimulator.Build.0 = Debug|iPhoneSimulator
		{9ECC94D5-4E2D-4BAD-8EC9-FF16A350E848}.Debug|iPhoneSimulator.Deploy.0 = Debug|iPhoneSimulator
		{9ECC94D5-4E2D-4BAD-8EC9-FF16A350E848}.Release|Any CPU.ActiveCfg = Release|iPhone
		{9ECC94D5-4E2D-4BAD-8EC9-FF16A350E848}.Release|Any CPU.Build.0 = Release|iPhone
		{9ECC94D5-4E2D-4BAD-8EC9-FF16A350E848}.Release|Any CPU.Deploy.0 = Release|iPhone
		{9ECC94D5-4E2D-4BAD-8EC9-FF16A350E848}.Release|iPhone.ActiveCfg = Release|iPhone
		{9ECC94D5-4E2D-4BAD-8EC9-FF16A350E848}.Release|iPhone.Build.0 = Release|iPhone
		{9ECC94D5-4E2D-4BAD-8EC9-FF16A350E848}.Release|iPhone.Deploy.0 = Release|iPhone
		{9ECC94D5-4E2D-4BAD-8EC9-FF16A350E848}.Release|iPhoneSimulator.ActiveCfg = Release|iPhoneSimulator
		{9ECC94D5-4E2D-4BAD-8EC9-FF16A350E848}.Release|iPhoneSimulator.Build.0 = Release|iPhoneSimulator
		{9ECC94D5-4E2D-4BAD-8EC9-FF16A350E848}.Release|iPhoneSimulator.Deploy.0 = Release|iPhoneSimulator
		{EDAB1CAF-CFA3-427B-8C67-101C4DA3D148}.Ad-Hoc|Any CPU.ActiveCfg = Debug|Any CPU
		{EDAB1CAF-CFA3-427B-8C67-101C4DA3D148}.Ad-Hoc|Any CPU.Build.0 = Debug|Any CPU
		{EDAB1CAF-CFA3-427B-8C67-101C4DA3D148}.Ad-Hoc|Any CPU.Deploy.0 = Debug|Any CPU
		{EDAB1CAF-CFA3-427B-8C67-101C4DA3D148}.Ad-Hoc|iPhone.ActiveCfg = Debug|Any CPU
		{EDAB1CAF-CFA3-427B-8C67-101C4DA3D148}.Ad-Hoc|iPhone.Build.0 = Debug|Any CPU
		{EDAB1CAF-CFA3-427B-8C67-101C4DA3D148}.Ad-Hoc|iPhone.Deploy.0 = Debug|Any CPU
		{EDAB1CAF-CFA3-427B-8C67-101C4DA3D148}.Ad-Hoc|iPhoneSimulator.ActiveCfg = Debug|Any CPU
		{EDAB1CAF-CFA3-427B-8C67-101C4DA3D148}.Ad-Hoc|iPhoneSimulator.Build.0 = Debug|Any CPU
		{EDAB1CAF-CFA3-427B-8C67-101C4DA3D148}.Ad-Hoc|iPhoneSimulator.Deploy.0 = Debug|Any CPU
		{EDAB1CAF-CFA3-427B-8C67-101C4DA3D148}.AppStore|Any CPU.ActiveCfg = Debug|Any CPU
		{EDAB1CAF-CFA3-427B-8C67-101C4DA3D148}.AppStore|Any CPU.Build.0 = Debug|Any CPU
		{EDAB1CAF-CFA3-427B-8C67-101C4DA3D148}.AppStore|Any CPU.Deploy.0 = Debug|Any CPU
		{EDAB1CAF-CFA3-427B-8C67-101C4DA3D148}.AppStore|iPhone.ActiveCfg = Debug|Any CPU
		{EDAB1CAF-CFA3-427B-8C67-101C4DA3D148}.AppStore|iPhone.Build.0 = Debug|Any CPU
		{EDAB1CAF-CFA3-427B-8C67-101C4DA3D148}.AppStore|iPhone.Deploy.0 = Debug|Any CPU
		{EDAB1CAF-CFA3-427B-8C67-101C4DA3D148}.AppStore|iPhoneSimulator.ActiveCfg = Debug|Any CPU
		{EDAB1CAF-CFA3-427B-8C67-101C4DA3D148}.AppStore|iPhoneSimulator.Build.0 = Debug|Any CPU
		{EDAB1CAF-CFA3-427B-8C67-101C4DA3D148}.AppStore|iPhoneSimulator.Deploy.0 = Debug|Any CPU
		{EDAB1CAF-CFA3-427B-8C67-101C4DA3D148}.Debug|Any CPU.ActiveCfg = Debug|Any CPU
		{EDAB1CAF-CFA3-427B-8C67-101C4DA3D148}.Debug|Any CPU.Build.0 = Debug|Any CPU
		{EDAB1CAF-CFA3-427B-8C67-101C4DA3D148}.Debug|Any CPU.Deploy.0 = Debug|Any CPU
		{EDAB1CAF-CFA3-427B-8C67-101C4DA3D148}.Debug|iPhone.ActiveCfg = Debug|Any CPU
		{EDAB1CAF-CFA3-427B-8C67-101C4DA3D148}.Debug|iPhone.Build.0 = Debug|Any CPU
		{EDAB1CAF-CFA3-427B-8C67-101C4DA3D148}.Debug|iPhone.Deploy.0 = Debug|Any CPU
		{EDAB1CAF-CFA3-427B-8C67-101C4DA3D148}.Debug|iPhoneSimulator.ActiveCfg = Debug|Any CPU
		{EDAB1CAF-CFA3-427B-8C67-101C4DA3D148}.Debug|iPhoneSimulator.Build.0 = Debug|Any CPU
		{EDAB1CAF-CFA3-427B-8C67-101C4DA3D148}.Debug|iPhoneSimulator.Deploy.0 = Debug|Any CPU
		{EDAB1CAF-CFA3-427B-8C67-101C4DA3D148}.Release|Any CPU.ActiveCfg = Release|Any CPU
		{EDAB1CAF-CFA3-427B-8C67-101C4DA3D148}.Release|Any CPU.Build.0 = Release|Any CPU
		{EDAB1CAF-CFA3-427B-8C67-101C4DA3D148}.Release|Any CPU.Deploy.0 = Release|Any CPU
		{EDAB1CAF-CFA3-427B-8C67-101C4DA3D148}.Release|iPhone.ActiveCfg = Release|Any CPU
		{EDAB1CAF-CFA3-427B-8C67-101C4DA3D148}.Release|iPhone.Build.0 = Release|Any CPU
		{EDAB1CAF-CFA3-427B-8C67-101C4DA3D148}.Release|iPhone.Deploy.0 = Release|Any CPU
		{EDAB1CAF-CFA3-427B-8C67-101C4DA3D148}.Release|iPhoneSimulator.ActiveCfg = Release|Any CPU
		{EDAB1CAF-CFA3-427B-8C67-101C4DA3D148}.Release|iPhoneSimulator.Build.0 = Release|Any CPU
		{EDAB1CAF-CFA3-427B-8C67-101C4DA3D148}.Release|iPhoneSimulator.Deploy.0 = Release|Any CPU
	EndGlobalSection
	GlobalSection(SolutionProperties) = preSolution
		HideSolutionNode = FALSE
	EndGlobalSection
	GlobalSection(ExtensibilityGlobals) = postSolution
		SolutionGuid = {C09B3393-04B0-4B37-828B-66DD379BCAC8}
	EndGlobalSection
EndGlobal
